
Microsoft Visual Studio Solution File, Format Version 12.00
# Visual Studio Version 17
VisualStudioVersion = 17.6.33829.357
MinimumVisualStudioVersion = 10.0.40219.1
Project("{FAE04EC0-301F-11D3-BF4B-00C04F79EFBC}") = "clipfile-saver-c", "clipfile-saver-c\clipfile-saver-c.csproj", "{A05BACAB-E21C-459B-9240-704FE8DAE7C7}"
EndProject
Global
	GlobalSection(SolutionConfigurationPlatforms) = preSolution
		Debug|Any CPU = Debug|Any CPU
		Release|Any CPU = Release|Any CPU
	EndGlobalSection
	GlobalSection(ProjectConfigurationPlatforms) = postSolution
		{A05BACAB-E21C-459B-9240-704FE8DAE7C7}.Debug|Any CPU.ActiveCfg = Debug|Any CPU
		{A05BACAB-E21C-459B-9240-704FE8DAE7C7}.Debug|Any CPU.Build.0 = Debug|Any CPU
		{A05BACAB-E21C-459B-9240-704FE8DAE7C7}.Release|Any CPU.ActiveCfg = Release|Any CPU
		{A05BACAB-E21C-459B-9240-704FE8DAE7C7}.Release|Any CPU.Build.0 = Release|Any CPU
	EndGlobalSection
	GlobalSection(SolutionProperties) = preSolution
		HideSolutionNode = FALSE
	EndGlobalSection
	GlobalSection(ExtensibilityGlobals) = postSolution
		SolutionGuid = {B0CB2733-0F9C-4306-9B23-183D0171A2A1}
	EndGlobalSection
EndGlobal
